
Microsoft Visual Studio Solution File, Format Version 12.00
# Visual Studio 15
VisualStudioVersion = 15.0.26124.0
MinimumVisualStudioVersion = 15.0.26124.0
Project("{FAE04EC0-301F-11D3-BF4B-00C04F79EFBC}") = "Task", "Task\Task.csproj", "{828ABA65-116F-4442-8698-EB3DC575DBB1}"
EndProject
Project("{FAE04EC0-301F-11D3-BF4B-00C04F79EFBC}") = "Consumer", "Consumer\Consumer.csproj", "{9B72A9D2-EF8F-4040-B52B-806EC9D9FAF0}"
EndProject
Global
	GlobalSection(SolutionConfigurationPlatforms) = preSolution
		Debug|Any CPU = Debug|Any CPU
		Debug|x64 = Debug|x64
		Debug|x86 = Debug|x86
		Release|Any CPU = Release|Any CPU
		Release|x64 = Release|x64
		Release|x86 = Release|x86
	EndGlobalSection
	GlobalSection(SolutionProperties) = preSolution
		HideSolutionNode = FALSE
	EndGlobalSection
	GlobalSection(ProjectConfigurationPlatforms) = postSolution
		{828ABA65-116F-4442-8698-EB3DC575DBB1}.Debug|Any CPU.ActiveCfg = Debug|Any CPU
		{828ABA65-116F-4442-8698-EB3DC575DBB1}.Debug|Any CPU.Build.0 = Debug|Any CPU
		{828ABA65-116F-4442-8698-EB3DC575DBB1}.Debug|x64.ActiveCfg = Debug|Any CPU
		{828ABA65-116F-4442-8698-EB3DC575DBB1}.Debug|x64.Build.0 = Debug|Any CPU
		{828ABA65-116F-4442-8698-EB3DC575DBB1}.Debug|x86.ActiveCfg = Debug|Any CPU
		{828ABA65-116F-4442-8698-EB3DC575DBB1}.Debug|x86.Build.0 = Debug|Any CPU
		{828ABA65-116F-4442-8698-EB3DC575DBB1}.Release|Any CPU.ActiveCfg = Release|Any CPU
		{828ABA65-116F-4442-8698-EB3DC575DBB1}.Release|Any CPU.Build.0 = Release|Any CPU
		{828ABA65-116F-4442-8698-EB3DC575DBB1}.Release|x64.ActiveCfg = Release|Any CPU
		{828ABA65-116F-4442-8698-EB3DC575DBB1}.Release|x64.Build.0 = Release|Any CPU
		{828ABA65-116F-4442-8698-EB3DC575DBB1}.Release|x86.ActiveCfg = Release|Any CPU
		{828ABA65-116F-4442-8698-EB3DC575DBB1}.Release|x86.Build.0 = Release|Any CPU
		{9B72A9D2-EF8F-4040-B52B-806EC9D9FAF0}.Debug|Any CPU.ActiveCfg = Debug|Any CPU
		{9B72A9D2-EF8F-4040-B52B-806EC9D9FAF0}.Debug|Any CPU.Build.0 = Debug|Any CPU
		{9B72A9D2-EF8F-4040-B52B-806EC9D9FAF0}.Debug|x64.ActiveCfg = Debug|Any CPU
		{9B72A9D2-EF8F-4040-B52B-806EC9D9FAF0}.Debug|x64.Build.0 = Debug|Any CPU
		{9B72A9D2-EF8F-4040-B52B-806EC9D9FAF0}.Debug|x86.ActiveCfg = Debug|Any CPU
		{9B72A9D2-EF8F-4040-B52B-806EC9D9FAF0}.Debug|x86.Build.0 = Debug|Any CPU
		{9B72A9D2-EF8F-4040-B52B-806EC9D9FAF0}.Release|Any CPU.ActiveCfg = Release|Any CPU
		{9B72A9D2-EF8F-4040-B52B-806EC9D9FAF0}.Release|Any CPU.Build.0 = Release|Any CPU
		{9B72A9D2-EF8F-4040-B52B-806EC9D9FAF0}.Release|x64.ActiveCfg = Release|Any CPU
		{9B72A9D2-EF8F-4040-B52B-806EC9D9FAF0}.Release|x64.Build.0 = Release|Any CPU
		{9B72A9D2-EF8F-4040-B52B-806EC9D9FAF0}.Release|x86.ActiveCfg = Release|Any CPU
		{9B72A9D2-EF8F-4040-B52B-806EC9D9FAF0}.Release|x86.Build.0 = Release|Any CPU
	EndGlobalSection
EndGlobal
